# This file is automatically @generated by Cargo.
# It is not intended for manual editing.
version = 4

[[package]]
name = "prism-bench"
version = "0.1.0"
dependencies = [
 "prism-server",
]

[[package]]
name = "prism-buffer"
version = "0.1.0"
dependencies = [
 "prism-storage",
 "prism-wal",
]

[[package]]
name = "prism-core"
version = "0.1.0"
dependencies = [
 "prism-buffer",
 "prism-storage",
 "prism-wal",
]

[[package]]
name = "prism-doc"
version = "0.1.0"
dependencies = [
 "prism-core",
 "prism-index",
]

[[package]]
name = "prism-fsck"
version = "0.1.0"
dependencies = [
 "prism-storage",
 "prism-wal",
]

[[package]]
name = "prism-index"
version = "0.1.0"
dependencies = [
 "prism-core",
]

[[package]]
name = "prism-kv"
version = "0.1.0"
dependencies = [
 "prism-core",
 "prism-index",
]

[[package]]
name = "prism-protocol"
version = "0.1.0"

[[package]]
name = "prism-sdk-node"
version = "0.1.0"
dependencies = [
 "prism-protocol",
]

[[package]]
name = "prism-server"
version = "0.1.0"
dependencies = [
 "prism-doc",
 "prism-kv",
 "prism-protocol",
 "prism-sql",
]

[[package]]
name = "prism-shell"
version = "0.1.0"
dependencies = [
 "prism-protocol",
]

[[package]]
name = "prism-sql"
version = "0.1.0"
dependencies = [
 "prism-core",
 "prism-index",
]

[[package]]
name = "prism-storage"
version = "0.1.0"

[[package]]
name = "prism-testkit"
version = "0.1.0"

[[package]]
name = "prism-wal"
version = "0.1.0"
dependencies = [
 "prism-storage",
]
